
Microsoft Visual Studio Solution File, Format Version 12.00
# Visual Studio Version 17
VisualStudioVersion = 17.5.002.0
MinimumVisualStudioVersion = 10.0.40219.1
Project("{9A19103F-16F7-4668-BE54-9A1E7A4F7556}") = "gugugaga", "gugugaga.csproj", "{DED2703E-CB73-4DEE-8043-26931BEABC9B}"
EndProject
Global
	GlobalSection(SolutionConfigurationPlatforms) = preSolution
		Debug|Any CPU = Debug|Any CPU
		Release|Any CPU = Release|Any CPU
	EndGlobalSection
	GlobalSection(ProjectConfigurationPlatforms) = postSolution
		{DED2703E-CB73-4DEE-8043-26931BEABC9B}.Debug|Any CPU.ActiveCfg = Debug|Any CPU
		{DED2703E-CB73-4DEE-8043-26931BEABC9B}.Debug|Any CPU.Build.0 = Debug|Any CPU
		{DED2703E-CB73-4DEE-8043-26931BEABC9B}.Release|Any CPU.ActiveCfg = Release|Any CPU
		{DED2703E-CB73-4DEE-8043-26931BEABC9B}.Release|Any CPU.Build.0 = Release|Any CPU
	EndGlobalSection
	GlobalSection(SolutionProperties) = preSolution
		HideSolutionNode = FALSE
	EndGlobalSection
	GlobalSection(ExtensibilityGlobals) = postSolution
		SolutionGuid = {3A4E5086-D145-4C7C-8B46-F14D1BC35957}
	EndGlobalSection
EndGlobal
